
Microsoft Visual Studio Solution File, Format Version 12.00
# Visual Studio Version 18
VisualStudioVersion = 18.1.11304.174
MinimumVisualStudioVersion = 10.0.40219.1
Project("{9A19103F-16F7-4668-BE54-9A1E7A4F7556}") = "ViMG", "ViMG.csproj", "{172B53B9-824D-4B4D-8502-737CC0A6FC16}"
	ProjectSection(ProjectDependencies) = postProject
		{33DEA714-8BC8-40CA-817A-DF3BCA7635D7} = {33DEA714-8BC8-40CA-817A-DF3BCA7635D7}
		{526DE860-2DA0-CC12-1FBB-36A5335EA1EE} = {526DE860-2DA0-CC12-1FBB-36A5335EA1EE}
	EndProjectSection
EndProject
Project("{FAE04EC0-301F-11D3-BF4B-00C04F79EFBC}") = "BrAssetsManager", "BrUtility\BrAssetsManager\BrAssetsManager.csproj", "{A57BDD8D-EF30-42DB-AC43-54D7681FFA7A}"
EndProject
Project("{FAE04EC0-301F-11D3-BF4B-00C04F79EFBC}") = "BrUtility", "BrUtility\BrUtility\BrUtility.csproj", "{8C9D918A-04F3-4C23-BD50-7F25684C67A1}"
EndProject
Project("{FAE04EC0-301F-11D3-BF4B-00C04F79EFBC}") = "BrNineSlice", "BrUtility\BrNineSlice\BrNineSlice.csproj", "{3CC78C9D-8EC7-43C2-B9F2-985F8C66FAA5}"
EndProject
Project("{9A19103F-16F7-4668-BE54-9A1E7A4F7556}") = "MonoGame.Framework.WindowsDX", "MonoGame\MonoGame.Framework\MonoGame.Framework.WindowsDX.csproj", "{EA24C086-066A-4A64-8BED-4DB102F2B00C}"
EndProject
Project("{9A19103F-16F7-4668-BE54-9A1E7A4F7556}") = "BepuPhysics", "bepuphysics2\BepuPhysics\BepuPhysics.csproj", "{9F38D67C-6427-44F1-98D1-789C4CA7205C}"
EndProject
Project("{9A19103F-16F7-4668-BE54-9A1E7A4F7556}") = "BepuUtilities", "bepuphysics2\BepuUtilities\BepuUtilities.csproj", "{9F5A7F18-C971-4FD0-8E47-601E891ACE0E}"
EndProject
Project("{FAE04EC0-301F-11D3-BF4B-00C04F79EFBC}") = "Engine", "Engine\Engine.csproj", "{E2411739-FB1C-4E60-96A7-B929276B6210}"
EndProject
Project("{FAE04EC0-301F-11D3-BF4B-00C04F79EFBC}") = "ModGameBase", "ModGameBase\ModGameBase.csproj", "{33DEA714-8BC8-40CA-817A-DF3BCA7635D7}"
EndProject
Project("{FAE04EC0-301F-11D3-BF4B-00C04F79EFBC}") = "GenerateWorld", "GenerateWorld\GenerateWorld.csproj", "{310C897F-2B10-400C-B52A-5029FF16C1F9}"
	ProjectSection(ProjectDependencies) = postProject
		{33DEA714-8BC8-40CA-817A-DF3BCA7635D7} = {33DEA714-8BC8-40CA-817A-DF3BCA7635D7}
	EndProjectSection
EndProject
Project("{FAE04EC0-301F-11D3-BF4B-00C04F79EFBC}") = "LiteNetLib", "LiteNetLib\LiteNetLib\LiteNetLib.csproj", "{062BDDCC-828F-24CE-266B-4B9883A5A85B}"
EndProject
Project("{FAE04EC0-301F-11D3-BF4B-00C04F79EFBC}") = "Hexa.NET.ImGui", "Hexa.NET.ImGui\Hexa.NET.ImGui\Hexa.NET.ImGui.csproj", "{B7820660-BEEC-DBE1-A7E2-452730DEC777}"
EndProject
Project("{FAE04EC0-301F-11D3-BF4B-00C04F79EFBC}") = "Hexa.NET.ImPlot", "Hexa.NET.ImGui\Hexa.NET.ImPlot\Hexa.NET.ImPlot.csproj", "{1B4B80DC-8DAA-F85F-3B6F-579EB8D780AE}"
EndProject
Project("{FAE04EC0-301F-11D3-BF4B-00C04F79EFBC}") = "ViMGDedicatedServer", "ViMGHeadless\ViMGDedicatedServer.csproj", "{526DE860-2DA0-CC12-1FBB-36A5335EA1EE}"
EndProject
Project("{FAE04EC0-301F-11D3-BF4B-00C04F79EFBC}") = "EngineTests", "EngineTests\EngineTests.csproj", "{BA435300-7123-BAE1-AFFC-BC54B062B3A5}"
EndProject
Global
	GlobalSection(SolutionConfigurationPlatforms) = preSolution
		Debug|Any CPU = Debug|Any CPU
		DebugNoTracy|Any CPU = DebugNoTracy|Any CPU
		Release|Any CPU = Release|Any CPU
		ReleaseNoProfiling|Any CPU = ReleaseNoProfiling|Any CPU
	EndGlobalSection
	GlobalSection(ProjectConfigurationPlatforms) = postSolution
		{172B53B9-824D-4B4D-8502-737CC0A6FC16}.Debug|Any CPU.ActiveCfg = Debug|Any CPU
		{172B53B9-824D-4B4D-8502-737CC0A6FC16}.Debug|Any CPU.Build.0 = Debug|Any CPU
		{172B53B9-824D-4B4D-8502-737CC0A6FC16}.DebugNoTracy|Any CPU.ActiveCfg = DebugNoTracy|Any CPU
		{172B53B9-824D-4B4D-8502-737CC0A6FC16}.DebugNoTracy|Any CPU.Build.0 = DebugNoTracy|Any CPU
		{172B53B9-824D-4B4D-8502-737CC0A6FC16}.Release|Any CPU.ActiveCfg = Release|Any CPU
		{172B53B9-824D-4B4D-8502-737CC0A6FC16}.Release|Any CPU.Build.0 = Release|Any CPU
		{172B53B9-824D-4B4D-8502-737CC0A6FC16}.ReleaseNoProfiling|Any CPU.ActiveCfg = Release|Any CPU
		{172B53B9-824D-4B4D-8502-737CC0A6FC16}.ReleaseNoProfiling|Any CPU.Build.0 = Release|Any CPU
		{A57BDD8D-EF30-42DB-AC43-54D7681FFA7A}.Debug|Any CPU.ActiveCfg = Debug|Any CPU
		{A57BDD8D-EF30-42DB-AC43-54D7681FFA7A}.Debug|Any CPU.Build.0 = Debug|Any CPU
		{A57BDD8D-EF30-42DB-AC43-54D7681FFA7A}.DebugNoTracy|Any CPU.ActiveCfg = Debug|Any CPU
		{A57BDD8D-EF30-42DB-AC43-54D7681FFA7A}.DebugNoTracy|Any CPU.Build.0 = Debug|Any CPU
		{A57BDD8D-EF30-42DB-AC43-54D7681FFA7A}.Release|Any CPU.ActiveCfg = Release|Any CPU
		{A57BDD8D-EF30-42DB-AC43-54D7681FFA7A}.Release|Any CPU.Build.0 = Release|Any CPU
		{A57BDD8D-EF30-42DB-AC43-54D7681FFA7A}.ReleaseNoProfiling|Any CPU.ActiveCfg = Release|Any CPU
		{A57BDD8D-EF30-42DB-AC43-54D7681FFA7A}.ReleaseNoProfiling|Any CPU.Build.0 = Release|Any CPU
		{8C9D918A-04F3-4C23-BD50-7F25684C67A1}.Debug|Any CPU.ActiveCfg = Debug|Any CPU
		{8C9D918A-04F3-4C23-BD50-7F25684C67A1}.Debug|Any CPU.Build.0 = Debug|Any CPU
		{8C9D918A-04F3-4C23-BD50-7F25684C67A1}.DebugNoTracy|Any CPU.ActiveCfg = Debug|Any CPU
		{8C9D918A-04F3-4C23-BD50-7F25684C67A1}.DebugNoTracy|Any CPU.Build.0 = Debug|Any CPU
		{8C9D918A-04F3-4C23-BD50-7F25684C67A1}.Release|Any CPU.ActiveCfg = Release|Any CPU
		{8C9D918A-04F3-4C23-BD50-7F25684C67A1}.Release|Any CPU.Build.0 = Release|Any CPU
		{8C9D918A-04F3-4C23-BD50-7F25684C67A1}.ReleaseNoProfiling|Any CPU.ActiveCfg = Release|Any CPU
		{8C9D918A-04F3-4C23-BD50-7F25684C67A1}.ReleaseNoProfiling|Any CPU.Build.0 = Release|Any CPU
		{3CC78C9D-8EC7-43C2-B9F2-985F8C66FAA5}.Debug|Any CPU.ActiveCfg = Debug|Any CPU
		{3CC78C9D-8EC7-43C2-B9F2-985F8C66FAA5}.Debug|Any CPU.Build.0 = Debug|Any CPU
		{3CC78C9D-8EC7-43C2-B9F2-985F8C66FAA5}.DebugNoTracy|Any CPU.ActiveCfg = Debug|Any CPU
		{3CC78C9D-8EC7-43C2-B9F2-985F8C66FAA5}.DebugNoTracy|Any CPU.Build.0 = Debug|Any CPU
		{3CC78C9D-8EC7-43C2-B9F2-985F8C66FAA5}.Release|Any CPU.ActiveCfg = Release|Any CPU
		{3CC78C9D-8EC7-43C2-B9F2-985F8C66FAA5}.Release|Any CPU.Build.0 = Release|Any CPU
		{3CC78C9D-8EC7-43C2-B9F2-985F8C66FAA5}.ReleaseNoProfiling|Any CPU.ActiveCfg = Release|Any CPU
		{3CC78C9D-8EC7-43C2-B9F2-985F8C66FAA5}.ReleaseNoProfiling|Any CPU.Build.0 = Release|Any CPU
		{EA24C086-066A-4A64-8BED-4DB102F2B00C}.Debug|Any CPU.ActiveCfg = Debug|Any CPU
		{EA24C086-066A-4A64-8BED-4DB102F2B00C}.Debug|Any CPU.Build.0 = Debug|Any CPU
		{EA24C086-066A-4A64-8BED-4DB102F2B00C}.DebugNoTracy|Any CPU.ActiveCfg = Debug|Any CPU
		{EA24C086-066A-4A64-8BED-4DB102F2B00C}.DebugNoTracy|Any CPU.Build.0 = Debug|Any CPU
		{EA24C086-066A-4A64-8BED-4DB102F2B00C}.Release|Any CPU.ActiveCfg = Release|Any CPU
		{EA24C086-066A-4A64-8BED-4DB102F2B00C}.Release|Any CPU.Build.0 = Release|Any CPU
		{EA24C086-066A-4A64-8BED-4DB102F2B00C}.ReleaseNoProfiling|Any CPU.ActiveCfg = Release|Any CPU
		{EA24C086-066A-4A64-8BED-4DB102F2B00C}.ReleaseNoProfiling|Any CPU.Build.0 = Release|Any CPU
		{9F38D67C-6427-44F1-98D1-789C4CA7205C}.Debug|Any CPU.ActiveCfg = Debug|Any CPU
		{9F38D67C-6427-44F1-98D1-789C4CA7205C}.Debug|Any CPU.Build.0 = Debug|Any CPU
		{9F38D67C-6427-44F1-98D1-789C4CA7205C}.DebugNoTracy|Any CPU.ActiveCfg = Debug|Any CPU
		{9F38D67C-6427-44F1-98D1-789C4CA7205C}.DebugNoTracy|Any CPU.Build.0 = Debug|Any CPU
		{9F38D67C-6427-44F1-98D1-789C4CA7205C}.Release|Any CPU.ActiveCfg = Release|Any CPU
		{9F38D67C-6427-44F1-98D1-789C4CA7205C}.Release|Any CPU.Build.0 = Release|Any CPU
		{9F38D67C-6427-44F1-98D1-789C4CA7205C}.ReleaseNoProfiling|Any CPU.ActiveCfg = ReleaseNoProfiling|Any CPU
		{9F38D67C-6427-44F1-98D1-789C4CA7205C}.ReleaseNoProfiling|Any CPU.Build.0 = ReleaseNoProfiling|Any CPU
		{9F5A7F18-C971-4FD0-8E47-601E891ACE0E}.Debug|Any CPU.ActiveCfg = Debug|Any CPU
		{9F5A7F18-C971-4FD0-8E47-601E891ACE0E}.Debug|Any CPU.Build.0 = Debug|Any CPU
		{9F5A7F18-C971-4FD0-8E47-601E891ACE0E}.DebugNoTracy|Any CPU.ActiveCfg = Debug|Any CPU
		{9F5A7F18-C971-4FD0-8E47-601E891ACE0E}.DebugNoTracy|Any CPU.Build.0 = Debug|Any CPU
		{9F5A7F18-C971-4FD0-8E47-601E891ACE0E}.Release|Any CPU.ActiveCfg = Release|Any CPU
		{9F5A7F18-C971-4FD0-8E47-601E891ACE0E}.Release|Any CPU.Build.0 = Release|Any CPU
		{9F5A7F18-C971-4FD0-8E47-601E891ACE0E}.ReleaseNoProfiling|Any CPU.ActiveCfg = Release|Any CPU
		{9F5A7F18-C971-4FD0-8E47-601E891ACE0E}.ReleaseNoProfiling|Any CPU.Build.0 = Release|Any CPU
		{E2411739-FB1C-4E60-96A7-B929276B6210}.Debug|Any CPU.ActiveCfg = Debug|Any CPU
		{E2411739-FB1C-4E60-96A7-B929276B6210}.Debug|Any CPU.Build.0 = Debug|Any CPU
		{E2411739-FB1C-4E60-96A7-B929276B6210}.DebugNoTracy|Any CPU.ActiveCfg = Debug|Any CPU
		{E2411739-FB1C-4E60-96A7-B929276B6210}.DebugNoTracy|Any CPU.Build.0 = Debug|Any CPU
		{E2411739-FB1C-4E60-96A7-B929276B6210}.Release|Any CPU.ActiveCfg = Release|Any CPU
		{E2411739-FB1C-4E60-96A7-B929276B6210}.Release|Any CPU.Build.0 = Release|Any CPU
		{E2411739-FB1C-4E60-96A7-B929276B6210}.ReleaseNoProfiling|Any CPU.ActiveCfg = Release|Any CPU
		{E2411739-FB1C-4E60-96A7-B929276B6210}.ReleaseNoProfiling|Any CPU.Build.0 = Release|Any CPU
		{33DEA714-8BC8-40CA-817A-DF3BCA7635D7}.Debug|Any CPU.ActiveCfg = Debug|Any CPU
		{33DEA714-8BC8-40CA-817A-DF3BCA7635D7}.Debug|Any CPU.Build.0 = Debug|Any CPU
		{33DEA714-8BC8-40CA-817A-DF3BCA7635D7}.DebugNoTracy|Any CPU.ActiveCfg = Debug|Any CPU
		{33DEA714-8BC8-40CA-817A-DF3BCA7635D7}.DebugNoTracy|Any CPU.Build.0 = Debug|Any CPU
		{33DEA714-8BC8-40CA-817A-DF3BCA7635D7}.Release|Any CPU.ActiveCfg = Release|Any CPU
		{33DEA714-8BC8-40CA-817A-DF3BCA7635D7}.Release|Any CPU.Build.0 = Release|Any CPU
		{33DEA714-8BC8-40CA-817A-DF3BCA7635D7}.ReleaseNoProfiling|Any CPU.ActiveCfg = Release|Any CPU
		{33DEA714-8BC8-40CA-817A-DF3BCA7635D7}.ReleaseNoProfiling|Any CPU.Build.0 = Release|Any CPU
		{310C897F-2B10-400C-B52A-5029FF16C1F9}.Debug|Any CPU.ActiveCfg = Debug|Any CPU
		{310C897F-2B10-400C-B52A-5029FF16C1F9}.Debug|Any CPU.Build.0 = Debug|Any CPU
		{310C897F-2B10-400C-B52A-5029FF16C1F9}.DebugNoTracy|Any CPU.ActiveCfg = Debug|Any CPU
		{310C897F-2B10-400C-B52A-5029FF16C1F9}.DebugNoTracy|Any CPU.Build.0 = Debug|Any CPU
		{310C897F-2B10-400C-B52A-5029FF16C1F9}.Release|Any CPU.ActiveCfg = Release|Any CPU
		{310C897F-2B10-400C-B52A-5029FF16C1F9}.Release|Any CPU.Build.0 = Release|Any CPU
		{310C897F-2B10-400C-B52A-5029FF16C1F9}.ReleaseNoProfiling|Any CPU.ActiveCfg = Release|Any CPU
		{310C897F-2B10-400C-B52A-5029FF16C1F9}.ReleaseNoProfiling|Any CPU.Build.0 = Release|Any CPU
		{062BDDCC-828F-24CE-266B-4B9883A5A85B}.Debug|Any CPU.ActiveCfg = Debug|Any CPU
		{062BDDCC-828F-24CE-266B-4B9883A5A85B}.Debug|Any CPU.Build.0 = Debug|Any CPU
		{062BDDCC-828F-24CE-266B-4B9883A5A85B}.DebugNoTracy|Any CPU.ActiveCfg = Debug|Any CPU
		{062BDDCC-828F-24CE-266B-4B9883A5A85B}.DebugNoTracy|Any CPU.Build.0 = Debug|Any CPU
		{062BDDCC-828F-24CE-266B-4B9883A5A85B}.Release|Any CPU.ActiveCfg = Release|Any CPU
		{062BDDCC-828F-24CE-266B-4B9883A5A85B}.Release|Any CPU.Build.0 = Release|Any CPU
		{062BDDCC-828F-24CE-266B-4B9883A5A85B}.ReleaseNoProfiling|Any CPU.ActiveCfg = Release|Any CPU
		{062BDDCC-828F-24CE-266B-4B9883A5A85B}.ReleaseNoProfiling|Any CPU.Build.0 = Release|Any CPU
		{B7820660-BEEC-DBE1-A7E2-452730DEC777}.Debug|Any CPU.ActiveCfg = Debug|Any CPU
		{B7820660-BEEC-DBE1-A7E2-452730DEC777}.Debug|Any CPU.Build.0 = Debug|Any CPU
		{B7820660-BEEC-DBE1-A7E2-452730DEC777}.DebugNoTracy|Any CPU.ActiveCfg = Debug|Any CPU
		{B7820660-BEEC-DBE1-A7E2-452730DEC777}.DebugNoTracy|Any CPU.Build.0 = Debug|Any CPU
		{B7820660-BEEC-DBE1-A7E2-452730DEC777}.Release|Any CPU.ActiveCfg = Release|Any CPU
		{B7820660-BEEC-DBE1-A7E2-452730DEC777}.Release|Any CPU.Build.0 = Release|Any CPU
		{B7820660-BEEC-DBE1-A7E2-452730DEC777}.ReleaseNoProfiling|Any CPU.ActiveCfg = Release|Any CPU
		{B7820660-BEEC-DBE1-A7E2-452730DEC777}.ReleaseNoProfiling|Any CPU.Build.0 = Release|Any CPU
		{1B4B80DC-8DAA-F85F-3B6F-579EB8D780AE}.Debug|Any CPU.ActiveCfg = Debug|Any CPU
		{1B4B80DC-8DAA-F85F-3B6F-579EB8D780AE}.Debug|Any CPU.Build.0 = Debug|Any CPU
		{1B4B80DC-8DAA-F85F-3B6F-579EB8D780AE}.DebugNoTracy|Any CPU.ActiveCfg = Debug|Any CPU
		{1B4B80DC-8DAA-F85F-3B6F-579EB8D780AE}.DebugNoTracy|Any CPU.Build.0 = Debug|Any CPU
		{1B4B80DC-8DAA-F85F-3B6F-579EB8D780AE}.Release|Any CPU.ActiveCfg = Release|Any CPU
		{1B4B80DC-8DAA-F85F-3B6F-579EB8D780AE}.Release|Any CPU.Build.0 = Release|Any CPU
		{1B4B80DC-8DAA-F85F-3B6F-579EB8D780AE}.ReleaseNoProfiling|Any CPU.ActiveCfg = Release|Any CPU
		{1B4B80DC-8DAA-F85F-3B6F-579EB8D780AE}.ReleaseNoProfiling|Any CPU.Build.0 = Release|Any CPU
		{526DE860-2DA0-CC12-1FBB-36A5335EA1EE}.Debug|Any CPU.ActiveCfg = Debug|Any CPU
		{526DE860-2DA0-CC12-1FBB-36A5335EA1EE}.Debug|Any CPU.Build.0 = Debug|Any CPU
		{526DE860-2DA0-CC12-1FBB-36A5335EA1EE}.DebugNoTracy|Any CPU.ActiveCfg = Debug|Any CPU
		{526DE860-2DA0-CC12-1FBB-36A5335EA1EE}.DebugNoTracy|Any CPU.Build.0 = Debug|Any CPU
		{526DE860-2DA0-CC12-1FBB-36A5335EA1EE}.Release|Any CPU.ActiveCfg = Release|Any CPU
		{526DE860-2DA0-CC12-1FBB-36A5335EA1EE}.Release|Any CPU.Build.0 = Release|Any CPU
		{526DE860-2DA0-CC12-1FBB-36A5335EA1EE}.ReleaseNoProfiling|Any CPU.ActiveCfg = Release|Any CPU
		{526DE860-2DA0-CC12-1FBB-36A5335EA1EE}.ReleaseNoProfiling|Any CPU.Build.0 = Release|Any CPU
		{BA435300-7123-BAE1-AFFC-BC54B062B3A5}.Debug|Any CPU.ActiveCfg = Debug|Any CPU
		{BA435300-7123-BAE1-AFFC-BC54B062B3A5}.Debug|Any CPU.Build.0 = Debug|Any CPU
		{BA435300-7123-BAE1-AFFC-BC54B062B3A5}.DebugNoTracy|Any CPU.ActiveCfg = Debug|Any CPU
		{BA435300-7123-BAE1-AFFC-BC54B062B3A5}.DebugNoTracy|Any CPU.Build.0 = Debug|Any CPU
		{BA435300-7123-BAE1-AFFC-BC54B062B3A5}.Release|Any CPU.ActiveCfg = Release|Any CPU
		{BA435300-7123-BAE1-AFFC-BC54B062B3A5}.Release|Any CPU.Build.0 = Release|Any CPU
		{BA435300-7123-BAE1-AFFC-BC54B062B3A5}.ReleaseNoProfiling|Any CPU.ActiveCfg = Release|Any CPU
		{BA435300-7123-BAE1-AFFC-BC54B062B3A5}.ReleaseNoProfiling|Any CPU.Build.0 = Release|Any CPU
	EndGlobalSection
	GlobalSection(SolutionProperties) = preSolution
		HideSolutionNode = FALSE
	EndGlobalSection
	GlobalSection(ExtensibilityGlobals) = postSolution
		SolutionGuid = {13C0C984-59B2-494E-8166-76DB8E7DB889}
	EndGlobalSection
EndGlobal
